<?xml version="1.0" encoding="utf-8"?>
<Project ToolsVersion="4.0" xmlns="http://schemas.microsoft.com/developer/msbuild/2003">
  <ItemGroup>
    <Filter Include="Source Files">
      <UniqueIdentifier>{4FC737F1-C7A5-4376-A066-2A32D752A2FF}</UniqueIdentifier>
      <Extensions>cpp;c;cc;cxx;def;odl;idl;hpj;bat;asm;asmx</Extensions>
    </Filter>
    <Filter Include="Header Files">
      <UniqueIdentifier>{93995380-89BD-4b04-88EB-625FBE52EBFB}</UniqueIdentifier>
      <Extensions>h;hh;hpp;hxx;hm;inl;inc;ipp;xsd</Extensions>
    </Filter>
    <Filter Include="Resource Files">
      <UniqueIdentifier>{67DA6AB6-F800-4c08-8B7A-83BB121AAD01}</UniqueIdentifier>
      <Extensions>rc;ico;cur;bmp;dlg;rc2;rct;bin;rgs;gif;jpg;jpeg;jpe;resx;tiff;tif;png;wav;mfcribbon-ms</Extensions>
    </Filter>
  </ItemGroup>
  <ItemGroup>
    <ClCompile Include="..\..\tools\proto_text\gen_proto_text_functions.cc">
      <Filter>Source Files</Filter>
    </ClCompile>
    <ClCompile Include="..\..\tools\proto_text\gen_proto_text_functions_lib.cc">
      <Filter>Source Files</Filter>
    </ClCompile>
    <ClCompile Include="..\..\core\platform\protobuf.cc">
      <Filter>Source Files</Filter>
    </ClCompile>
    <ClCompile Include="..\..\core\platform\windows\env_time.cc">
      <Filter>Source Files</Filter>
    </ClCompile>
    <ClCompile Include="..\..\core\platform\windows\error.cc">
      <Filter>Source Files</Filter>
    </ClCompile>
    <ClCompile Include="..\..\core\platform\windows\port.cc">
      <Filter>Source Files</Filter>
    </ClCompile>
    <ClCompile Include="..\..\core\platform\default\mutex.cc">
      <Filter>Source Files</Filter>
    </ClCompile>
    <ClCompile Include="..\..\core\lib\core\error_codes.pb.cc">
      <Filter>Source Files</Filter>
    </ClCompile>
    <ClCompile Include="..\..\core\lib\core\status.cc">
      <Filter>Source Files</Filter>
    </ClCompile>
    <ClCompile Include="..\..\core\platform\file_system.cc">
      <Filter>Source Files</Filter>
    </ClCompile>
    <ClCompile Include="..\..\core\lib\strings\base64.cc">
      <Filter>Source Files</Filter>
    </ClCompile>
    <ClCompile Include="..\..\core\lib\strings\numbers.cc">
      <Filter>Source Files</Filter>
    </ClCompile>
    <ClCompile Include="..\..\core\lib\strings\ordered_code.cc">
      <Filter>Source Files</Filter>
    </ClCompile>
    <ClCompile Include="..\..\core\lib\strings\proto_serialization.cc">
      <Filter>Source Files</Filter>
    </ClCompile>
    <ClCompile Include="..\..\core\lib\strings\proto_text_util.cc">
      <Filter>Source Files</Filter>
    </ClCompile>
    <ClCompile Include="..\..\core\lib\strings\scanner.cc">
      <Filter>Source Files</Filter>
    </ClCompile>
    <ClCompile Include="..\..\core\lib\strings\str_util.cc">
      <Filter>Source Files</Filter>
    </ClCompile>
    <ClCompile Include="..\..\core\lib\strings\strcat.cc">
      <Filter>Source Files</Filter>
    </ClCompile>
    <ClCompile Include="..\..\core\lib\strings\stringprintf.cc">
      <Filter>Source Files</Filter>
    </ClCompile>
    <ClCompile Include="..\..\core\lib\io\path.cc">
      <Filter>Source Files</Filter>
    </ClCompile>
    <ClCompile Include="..\..\core\platform\cpu_info.cc">
      <Filter>Source Files</Filter>
    </ClCompile>
    <ClCompile Include="..\..\core\platform\default\logging.cc">
      <Filter>Source Files</Filter>
    </ClCompile>
    <ClCompile Include="..\..\core\lib\hash\hash.cc">
      <Filter>Source Files</Filter>
    </ClCompile>
    <ClCompile Include="..\..\core\platform\env_base.cc">
      <Filter>Source Files</Filter>
    </ClCompile>
  </ItemGroup>
  <ItemGroup>
    <ClInclude Include="..\..\tools\proto_text\gen_proto_text_functions_lib.h">
      <Filter>Header Files</Filter>
    </ClInclude>
    <ClInclude Include="..\..\core\platform\protobuf.h">
      <Filter>Header Files</Filter>
    </ClInclude>
    <ClInclude Include="..\..\core\platform\logger.h">
      <Filter>Header Files</Filter>
    </ClInclude>
    <ClInclude Include="..\..\core\platform\env.h">
      <Filter>Header Files</Filter>
    </ClInclude>
    <ClInclude Include="..\..\core\platform\env_time.h">
      <Filter>Header Files</Filter>
    </ClInclude>
    <ClInclude Include="..\..\core\platform\error.h">
      <Filter>Header Files</Filter>
    </ClInclude>
    <ClInclude Include="..\..\core\platform\windows\error.h">
      <Filter>Header Files</Filter>
    </ClInclude>
    <ClInclude Include="..\..\core\platform\default\mutex.h">
      <Filter>Header Files</Filter>
    </ClInclude>
    <ClInclude Include="..\..\core\lib\core\error_codes.pb.h">
      <Filter>Header Files</Filter>
    </ClInclude>
    <ClInclude Include="..\..\core\lib\core\status.h">
      <Filter>Header Files</Filter>
    </ClInclude>
    <ClInclude Include="..\..\core\platform\file_system.h">
      <Filter>Header Files</Filter>
    </ClInclude>
    <ClInclude Include="..\..\core\lib\strings\base64.h">
      <Filter>Header Files</Filter>
    </ClInclude>
    <ClInclude Include="..\..\core\lib\strings\numbers.h">
      <Filter>Header Files</Filter>
    </ClInclude>
    <ClInclude Include="..\..\core\lib\strings\ordered_code.h">
      <Filter>Header Files</Filter>
    </ClInclude>
    <ClInclude Include="..\..\core\lib\strings\proto_serialization.h">
      <Filter>Header Files</Filter>
    </ClInclude>
    <ClInclude Include="..\..\core\lib\strings\proto_text_util.h">
      <Filter>Header Files</Filter>
    </ClInclude>
    <ClInclude Include="..\..\core\lib\strings\scanner.h">
      <Filter>Header Files</Filter>
    </ClInclude>
    <ClInclude Include="..\..\core\lib\strings\str_util.h">
      <Filter>Header Files</Filter>
    </ClInclude>
    <ClInclude Include="..\..\core\lib\strings\strcat.h">
      <Filter>Header Files</Filter>
    </ClInclude>
    <ClInclude Include="..\..\core\lib\strings\stringprintf.h">
      <Filter>Header Files</Filter>
    </ClInclude>
    <ClInclude Include="..\..\core\lib\io\path.h">
      <Filter>Header Files</Filter>
    </ClInclude>
    <ClInclude Include="..\..\core\platform\cpu_info.h">
      <Filter>Header Files</Filter>
    </ClInclude>
    <ClInclude Include="..\..\core\platform\default\logging.h">
      <Filter>Header Files</Filter>
    </ClInclude>
    <ClInclude Include="..\..\core\lib\hash\hash.h">
      <Filter>Header Files</Filter>
    </ClInclude>
  </ItemGroup>
</Project>