<?xml version="1.0" encoding="utf-8"?>
<Project ToolsVersion="4.0" xmlns="http://schemas.microsoft.com/developer/msbuild/2003">
  <ItemGroup>
    <Filter Include="Source Files">
      <UniqueIdentifier>{4FC737F1-C7A5-4376-A066-2A32D752A2FF}</UniqueIdentifier>
      <Extensions>cpp;c;cc;cxx;def;odl;idl;hpj;bat;asm;asmx</Extensions>
    </Filter>
    <Filter Include="Header Files">
      <UniqueIdentifier>{93995380-89BD-4b04-88EB-625FBE52EBFB}</UniqueIdentifier>
      <Extensions>h;hh;hpp;hxx;hm;inl;inc;ipp;xsd</Extensions>
    </Filter>
    <Filter Include="Resource Files">
      <UniqueIdentifier>{67DA6AB6-F800-4c08-8B7A-83BB121AAD01}</UniqueIdentifier>
      <Extensions>rc;ico;cur;bmp;dlg;rc2;rct;bin;rgs;gif;jpg;jpeg;jpe;resx;tiff;tif;png;wav;mfcribbon-ms</Extensions>
    </Filter>
    <Filter Include="tf_lib">
      <UniqueIdentifier>{18e7dff5-6821-446a-b017-8eaa4791c1ca}</UniqueIdentifier>
    </Filter>
  </ItemGroup>
  <ItemGroup>
    <ClInclude Include="..\..\core\lib\io\block.h">
      <Filter>tf_lib</Filter>
    </ClInclude>
    <ClInclude Include="..\..\core\lib\io\iterator.h">
      <Filter>tf_lib</Filter>
    </ClInclude>
    <ClInclude Include="..\..\core\lib\core\coding.h">
      <Filter>tf_lib</Filter>
    </ClInclude>
    <ClInclude Include="..\..\core\lib\core\error_codes.pb.h">
      <Filter>tf_lib</Filter>
    </ClInclude>
    <ClInclude Include="..\..\core\lib\core\errors.h">
      <Filter>tf_lib</Filter>
    </ClInclude>
    <ClInclude Include="..\..\core\lib\core\status.h">
      <Filter>tf_lib</Filter>
    </ClInclude>
    <ClInclude Include="..\..\core\lib\strings\strcat.h">
      <Filter>tf_lib</Filter>
    </ClInclude>
    <ClInclude Include="..\..\core\lib\strings\stringprintf.h">
      <Filter>tf_lib</Filter>
    </ClInclude>
    <ClInclude Include="..\..\core\platform\default\logging.h">
      <Filter>tf_lib</Filter>
    </ClInclude>
    <ClInclude Include="..\..\core\platform\env.h">
      <Filter>tf_lib</Filter>
    </ClInclude>
    <ClInclude Include="..\..\core\platform\env_time.h">
      <Filter>tf_lib</Filter>
    </ClInclude>
    <ClInclude Include="..\..\core\lib\io\path.h">
      <Filter>tf_lib</Filter>
    </ClInclude>
    <ClInclude Include="..\..\core\lib\strings\base64.h">
      <Filter>tf_lib</Filter>
    </ClInclude>
    <ClInclude Include="..\..\core\lib\strings\ordered_code.h">
      <Filter>tf_lib</Filter>
    </ClInclude>
    <ClInclude Include="..\..\core\lib\strings\proto_serialization.h">
      <Filter>tf_lib</Filter>
    </ClInclude>
    <ClInclude Include="..\..\core\lib\strings\proto_text_util.h">
      <Filter>tf_lib</Filter>
    </ClInclude>
    <ClInclude Include="..\..\core\lib\strings\scanner.h">
      <Filter>tf_lib</Filter>
    </ClInclude>
    <ClInclude Include="..\..\core\lib\strings\str_util.h">
      <Filter>tf_lib</Filter>
    </ClInclude>
    <ClInclude Include="..\..\core\lib\strings\numbers.h">
      <Filter>tf_lib</Filter>
    </ClInclude>
    <ClInclude Include="..\..\core\protobuf\attr_value.pb.h">
      <Filter>tf_lib</Filter>
    </ClInclude>
    <ClInclude Include="..\..\core\lib\io\block_builder.h">
      <Filter>tf_lib</Filter>
    </ClInclude>
    <ClInclude Include="..\..\core\lib\io\buffered_inputstream.h">
      <Filter>tf_lib</Filter>
    </ClInclude>
    <ClInclude Include="..\..\core\lib\io\compression.h">
      <Filter>tf_lib</Filter>
    </ClInclude>
    <ClInclude Include="..\..\core\platform\cpu_info.h">
      <Filter>tf_lib</Filter>
    </ClInclude>
    <ClInclude Include="..\..\core\lib\hash\crc32c.h">
      <Filter>tf_lib</Filter>
    </ClInclude>
    <ClInclude Include="..\..\core\platform\file_system.h">
      <Filter>tf_lib</Filter>
    </ClInclude>
    <ClInclude Include="..\..\core\lib\io\format.h">
      <Filter>tf_lib</Filter>
    </ClInclude>
    <ClInclude Include="..\..\core\protobuf\function.pb.h">
      <Filter>tf_lib</Filter>
    </ClInclude>
    <ClInclude Include="..\..\core\protobuf\graph.pb.h">
      <Filter>tf_lib</Filter>
    </ClInclude>
    <ClInclude Include="..\..\core\lib\hash\hash.h">
      <Filter>tf_lib</Filter>
    </ClInclude>
    <ClInclude Include="..\..\core\lib\io\inputbuffer.h">
      <Filter>tf_lib</Filter>
    </ClInclude>
    <ClInclude Include="..\..\core\lib\io\inputstream_interface.h">
      <Filter>tf_lib</Filter>
    </ClInclude>
    <ClInclude Include="..\..\core\protobuf\meta_graph.pb.h">
      <Filter>tf_lib</Filter>
    </ClInclude>
    <ClInclude Include="..\..\core\platform\default\mutex.h">
      <Filter>tf_lib</Filter>
    </ClInclude>
    <ClInclude Include="..\..\core\protobuf\node_def.pb.h">
      <Filter>tf_lib</Filter>
    </ClInclude>
    <ClInclude Include="..\..\core\protobuf\op_def.pb.h">
      <Filter>tf_lib</Filter>
    </ClInclude>
    <ClInclude Include="..\..\core\lib\io\random_inputstream.h">
      <Filter>tf_lib</Filter>
    </ClInclude>
    <ClInclude Include="..\..\core\protobuf\resource_handle.pb.h">
      <Filter>tf_lib</Filter>
    </ClInclude>
    <ClInclude Include="..\..\core\protobuf\saved_model.pb.h">
      <Filter>tf_lib</Filter>
    </ClInclude>
    <ClInclude Include="..\..\core\protobuf\saved_object_graph.pb.h">
      <Filter>tf_lib</Filter>
    </ClInclude>
    <ClInclude Include="..\..\core\protobuf\saver.pb.h">
      <Filter>tf_lib</Filter>
    </ClInclude>
    <ClInclude Include="..\..\core\protobuf\struct.pb.h">
      <Filter>tf_lib</Filter>
    </ClInclude>
    <ClInclude Include="..\..\core\lib\io\table.h">
      <Filter>tf_lib</Filter>
    </ClInclude>
    <ClInclude Include="..\..\core\lib\io\table_builder.h">
      <Filter>tf_lib</Filter>
    </ClInclude>
    <ClInclude Include="..\..\core\lib\io\table_options.h">
      <Filter>tf_lib</Filter>
    </ClInclude>
    <ClInclude Include="..\..\core\protobuf\tensor.pb.h">
      <Filter>tf_lib</Filter>
    </ClInclude>
    <ClInclude Include="..\..\core\protobuf\tensor_bundle.pb.h">
      <Filter>tf_lib</Filter>
    </ClInclude>
    <ClInclude Include="..\..\core\protobuf\tensor_shape.pb.h">
      <Filter>tf_lib</Filter>
    </ClInclude>
    <ClInclude Include="..\..\core\protobuf\tensor_slice.pb.h">
      <Filter>tf_lib</Filter>
    </ClInclude>
    <ClInclude Include="..\..\core\protobuf\trackable_object_graph.pb.h">
      <Filter>tf_lib</Filter>
    </ClInclude>
    <ClInclude Include="..\..\core\lib\io\two_level_iterator.h">
      <Filter>tf_lib</Filter>
    </ClInclude>
    <ClInclude Include="..\..\core\protobuf\variable.pb.h">
      <Filter>tf_lib</Filter>
    </ClInclude>
    <ClInclude Include="..\..\core\protobuf\versions.pb.h">
      <Filter>tf_lib</Filter>
    </ClInclude>
    <ClInclude Include="..\..\core\lib\io\record_reader.h">
      <Filter>tf_lib</Filter>
    </ClInclude>
    <ClInclude Include="..\..\core\lib\io\zlib_outputbuffer.h">
      <Filter>tf_lib</Filter>
    </ClInclude>
    <ClInclude Include="..\..\core\lib\io\zlib_compression_options.h">
      <Filter>tf_lib</Filter>
    </ClInclude>
    <ClInclude Include="..\..\core\lib\io\zlib_inputstream.h">
      <Filter>tf_lib</Filter>
    </ClInclude>
    <ClInclude Include="..\..\core\lib\io\record_writer.h">
      <Filter>tf_lib</Filter>
    </ClInclude>
    <ClInclude Include="..\..\core\util\tensor_bundle\tensor_bundle.h">
      <Filter>tf_lib</Filter>
    </ClInclude>
    <ClInclude Include="..\..\core\framework\types.pb.h">
      <Filter>Header Files</Filter>
    </ClInclude>
  </ItemGroup>
  <ItemGroup>
    <ClCompile Include="tfReader.cpp">
      <Filter>Source Files</Filter>
    </ClCompile>
    <ClCompile Include="..\..\core\lib\io\block.cc">
      <Filter>tf_lib</Filter>
    </ClCompile>
    <ClCompile Include="..\..\core\lib\io\iterator.cc">
      <Filter>tf_lib</Filter>
    </ClCompile>
    <ClCompile Include="..\..\core\lib\core\coding.cc">
      <Filter>tf_lib</Filter>
    </ClCompile>
    <ClCompile Include="..\..\core\lib\core\error_codes.pb.cc">
      <Filter>tf_lib</Filter>
    </ClCompile>
    <ClCompile Include="..\..\core\lib\core\status.cc">
      <Filter>tf_lib</Filter>
    </ClCompile>
    <ClCompile Include="..\..\core\lib\strings\strcat.cc">
      <Filter>tf_lib</Filter>
    </ClCompile>
    <ClCompile Include="..\..\core\lib\strings\stringprintf.cc">
      <Filter>tf_lib</Filter>
    </ClCompile>
    <ClCompile Include="..\..\core\platform\default\logging.cc">
      <Filter>tf_lib</Filter>
    </ClCompile>
    <ClCompile Include="..\..\core\platform\env.cc">
      <Filter>tf_lib</Filter>
    </ClCompile>
    <ClCompile Include="..\..\core\lib\io\path.cc">
      <Filter>tf_lib</Filter>
    </ClCompile>
    <ClCompile Include="..\..\core\lib\strings\base64.cc">
      <Filter>tf_lib</Filter>
    </ClCompile>
    <ClCompile Include="..\..\core\lib\strings\ordered_code.cc">
      <Filter>tf_lib</Filter>
    </ClCompile>
    <ClCompile Include="..\..\core\lib\strings\proto_serialization.cc">
      <Filter>tf_lib</Filter>
    </ClCompile>
    <ClCompile Include="..\..\core\lib\strings\proto_text_util.cc">
      <Filter>tf_lib</Filter>
    </ClCompile>
    <ClCompile Include="..\..\core\lib\strings\scanner.cc">
      <Filter>tf_lib</Filter>
    </ClCompile>
    <ClCompile Include="..\..\core\lib\strings\str_util.cc">
      <Filter>tf_lib</Filter>
    </ClCompile>
    <ClCompile Include="..\..\core\lib\strings\numbers.cc">
      <Filter>tf_lib</Filter>
    </ClCompile>
    <ClCompile Include="..\..\core\protobuf\attr_value.pb.cc">
      <Filter>tf_lib</Filter>
    </ClCompile>
    <ClCompile Include="..\..\core\lib\io\block_builder.cc">
      <Filter>tf_lib</Filter>
    </ClCompile>
    <ClCompile Include="..\..\core\lib\io\buffered_inputstream.cc">
      <Filter>tf_lib</Filter>
    </ClCompile>
    <ClCompile Include="..\..\core\lib\io\compression.cc">
      <Filter>tf_lib</Filter>
    </ClCompile>
    <ClCompile Include="..\..\core\platform\cpu_info.cc">
      <Filter>tf_lib</Filter>
    </ClCompile>
    <ClCompile Include="..\..\core\lib\hash\crc32c.cc">
      <Filter>tf_lib</Filter>
    </ClCompile>
    <ClCompile Include="..\..\core\lib\hash\crc32c_accelerate.cc">
      <Filter>tf_lib</Filter>
    </ClCompile>
    <ClCompile Include="..\..\core\platform\windows\env_time.cc">
      <Filter>tf_lib</Filter>
    </ClCompile>
    <ClCompile Include="..\..\core\platform\file_system.cc">
      <Filter>tf_lib</Filter>
    </ClCompile>
    <ClCompile Include="..\..\core\lib\io\format.cc">
      <Filter>tf_lib</Filter>
    </ClCompile>
    <ClCompile Include="..\..\core\protobuf\function.pb.cc">
      <Filter>tf_lib</Filter>
    </ClCompile>
    <ClCompile Include="..\..\core\protobuf\graph.pb.cc">
      <Filter>tf_lib</Filter>
    </ClCompile>
    <ClCompile Include="..\..\core\lib\hash\hash.cc">
      <Filter>tf_lib</Filter>
    </ClCompile>
    <ClCompile Include="..\..\core\lib\io\inputbuffer.cc">
      <Filter>tf_lib</Filter>
    </ClCompile>
    <ClCompile Include="..\..\core\lib\io\inputstream_interface.cc">
      <Filter>tf_lib</Filter>
    </ClCompile>
    <ClCompile Include="..\..\core\protobuf\meta_graph.pb.cc">
      <Filter>tf_lib</Filter>
    </ClCompile>
    <ClCompile Include="..\..\core\platform\default\mutex.cc">
      <Filter>tf_lib</Filter>
    </ClCompile>
    <ClCompile Include="..\..\core\protobuf\node_def.pb.cc">
      <Filter>tf_lib</Filter>
    </ClCompile>
    <ClCompile Include="..\..\core\protobuf\op_def.pb.cc">
      <Filter>tf_lib</Filter>
    </ClCompile>
    <ClCompile Include="..\..\core\platform\windows\port.cc">
      <Filter>tf_lib</Filter>
    </ClCompile>
    <ClCompile Include="..\..\core\lib\io\random_inputstream.cc">
      <Filter>tf_lib</Filter>
    </ClCompile>
    <ClCompile Include="..\..\core\protobuf\resource_handle.pb.cc">
      <Filter>tf_lib</Filter>
    </ClCompile>
    <ClCompile Include="..\..\core\protobuf\saved_model.pb.cc">
      <Filter>tf_lib</Filter>
    </ClCompile>
    <ClCompile Include="..\..\core\protobuf\saved_object_graph.pb.cc">
      <Filter>tf_lib</Filter>
    </ClCompile>
    <ClCompile Include="..\..\core\protobuf\saver.pb.cc">
      <Filter>tf_lib</Filter>
    </ClCompile>
    <ClCompile Include="..\..\core\protobuf\struct.pb.cc">
      <Filter>tf_lib</Filter>
    </ClCompile>
    <ClCompile Include="..\..\core\lib\io\table.cc">
      <Filter>tf_lib</Filter>
    </ClCompile>
    <ClCompile Include="..\..\core\lib\io\table_builder.cc">
      <Filter>tf_lib</Filter>
    </ClCompile>
    <ClCompile Include="..\..\core\protobuf\tensor.pb.cc">
      <Filter>tf_lib</Filter>
    </ClCompile>
    <ClCompile Include="..\..\core\protobuf\tensor_bundle.pb.cc">
      <Filter>tf_lib</Filter>
    </ClCompile>
    <ClCompile Include="..\..\core\protobuf\tensor_shape.pb.cc">
      <Filter>tf_lib</Filter>
    </ClCompile>
    <ClCompile Include="..\..\core\protobuf\tensor_slice.pb.cc">
      <Filter>tf_lib</Filter>
    </ClCompile>
    <ClCompile Include="..\..\core\protobuf\trackable_object_graph.pb.cc">
      <Filter>tf_lib</Filter>
    </ClCompile>
    <ClCompile Include="..\..\core\lib\io\two_level_iterator.cc">
      <Filter>tf_lib</Filter>
    </ClCompile>
    <ClCompile Include="..\..\core\protobuf\variable.pb.cc">
      <Filter>tf_lib</Filter>
    </ClCompile>
    <ClCompile Include="..\..\core\protobuf\versions.pb.cc">
      <Filter>tf_lib</Filter>
    </ClCompile>
    <ClCompile Include="..\..\core\lib\io\record_reader.cc">
      <Filter>tf_lib</Filter>
    </ClCompile>
    <ClCompile Include="..\..\core\lib\io\zlib_outputbuffer.cc">
      <Filter>tf_lib</Filter>
    </ClCompile>
    <ClCompile Include="..\..\core\lib\io\zlib_compression_options.cc">
      <Filter>tf_lib</Filter>
    </ClCompile>
    <ClCompile Include="..\..\core\lib\io\zlib_inputstream.cc">
      <Filter>tf_lib</Filter>
    </ClCompile>
    <ClCompile Include="..\..\core\lib\io\record_writer.cc">
      <Filter>tf_lib</Filter>
    </ClCompile>
    <ClCompile Include="..\..\core\framework\tensor_shape.pb_text.cc">
      <Filter>tf_lib</Filter>
    </ClCompile>
    <ClCompile Include="..\..\core\framework\types.pb_text.cc">
      <Filter>tf_lib</Filter>
    </ClCompile>
    <ClCompile Include="..\..\core\util\tensor_bundle\tensor_bundle.cc">
      <Filter>tf_lib</Filter>
    </ClCompile>
    <ClCompile Include="..\..\core\framework\types.pb.cc">
      <Filter>Source Files</Filter>
    </ClCompile>
  </ItemGroup>
</Project>